
Microsoft Visual Studio Solution File, Format Version 12.00
# Visual Studio Version 17
VisualStudioVersion = 17.11.35303.130
MinimumVisualStudioVersion = 10.0.40219.1
Project("{FAE04EC0-301F-11D3-BF4B-00C04F79EFBC}") = "DevExtremeAdditionalParamsFiltering", "DevExtremeAdditionalParamsFiltering\DevExtremeAdditionalParamsFiltering.csproj", "{9E42F37B-2536-4AAC-99B6-CCE5174BE2A6}"
EndProject
Global
	GlobalSection(SolutionConfigurationPlatforms) = preSolution
		Debug|Any CPU = Debug|Any CPU
		Release|Any CPU = Release|Any CPU
	EndGlobalSection
	GlobalSection(ProjectConfigurationPlatforms) = postSolution
		{9E42F37B-2536-4AAC-99B6-CCE5174BE2A6}.Debug|Any CPU.ActiveCfg = Debug|Any CPU
		{9E42F37B-2536-4AAC-99B6-CCE5174BE2A6}.Debug|Any CPU.Build.0 = Debug|Any CPU
		{9E42F37B-2536-4AAC-99B6-CCE5174BE2A6}.Release|Any CPU.ActiveCfg = Release|Any CPU
		{9E42F37B-2536-4AAC-99B6-CCE5174BE2A6}.Release|Any CPU.Build.0 = Release|Any CPU
	EndGlobalSection
	GlobalSection(SolutionProperties) = preSolution
		HideSolutionNode = FALSE
	EndGlobalSection
	GlobalSection(ExtensibilityGlobals) = postSolution
		SolutionGuid = {A08F9A0F-3D7C-455A-B094-9283A69EA325}
	EndGlobalSection
EndGlobal
